# This file is automatically @generated by Cargo.
# It is not intended for manual editing.
version = 4

[[package]]
name = "optic-research-app"
version = "0.0.0"
dependencies = [
 "optic-research-kernel",
 "optic-research-passthrough-macro",
]

[[package]]
name = "optic-research-kernel"
version = "0.0.0"

[[package]]
name = "optic-research-passthrough-macro"
version = "0.0.0"
